
Microsoft Visual Studio Solution File, Format Version 12.00
# Visual Studio Version 17
VisualStudioVersion = 17.4.33122.133
MinimumVisualStudioVersion = 10.0.40219.1
Project("{FAE04EC0-301F-11D3-BF4B-00C04F79EFBC}") = "Deneme2", "Deneme2\Deneme2.csproj", "{C64AA55B-AB0A-4AEF-A8FD-46EFAA3FCE00}"
EndProject
Project("{FAE04EC0-301F-11D3-BF4B-00C04F79EFBC}") = "DataAccsess.Layer", "DataAccsess.Layer\DataAccsess.Layer.csproj", "{831C7D2A-71BD-4872-AF71-649297FCD6C9}"
EndProject
Project("{FAE04EC0-301F-11D3-BF4B-00C04F79EFBC}") = "Business.Layer", "Business.Layer\Business.Layer.csproj", "{593A4E56-33AB-45BA-8919-BA6300720AA9}"
EndProject
Global
	GlobalSection(SolutionConfigurationPlatforms) = preSolution
		Debug|Any CPU = Debug|Any CPU
		Release|Any CPU = Release|Any CPU
	EndGlobalSection
	GlobalSection(ProjectConfigurationPlatforms) = postSolution
		{C64AA55B-AB0A-4AEF-A8FD-46EFAA3FCE00}.Debug|Any CPU.ActiveCfg = Debug|Any CPU
		{C64AA55B-AB0A-4AEF-A8FD-46EFAA3FCE00}.Debug|Any CPU.Build.0 = Debug|Any CPU
		{C64AA55B-AB0A-4AEF-A8FD-46EFAA3FCE00}.Release|Any CPU.ActiveCfg = Release|Any CPU
		{C64AA55B-AB0A-4AEF-A8FD-46EFAA3FCE00}.Release|Any CPU.Build.0 = Release|Any CPU
		{831C7D2A-71BD-4872-AF71-649297FCD6C9}.Debug|Any CPU.ActiveCfg = Debug|Any CPU
		{831C7D2A-71BD-4872-AF71-649297FCD6C9}.Debug|Any CPU.Build.0 = Debug|Any CPU
		{831C7D2A-71BD-4872-AF71-649297FCD6C9}.Release|Any CPU.ActiveCfg = Release|Any CPU
		{831C7D2A-71BD-4872-AF71-649297FCD6C9}.Release|Any CPU.Build.0 = Release|Any CPU
		{593A4E56-33AB-45BA-8919-BA6300720AA9}.Debug|Any CPU.ActiveCfg = Debug|Any CPU
		{593A4E56-33AB-45BA-8919-BA6300720AA9}.Debug|Any CPU.Build.0 = Debug|Any CPU
		{593A4E56-33AB-45BA-8919-BA6300720AA9}.Release|Any CPU.ActiveCfg = Release|Any CPU
		{593A4E56-33AB-45BA-8919-BA6300720AA9}.Release|Any CPU.Build.0 = Release|Any CPU
	EndGlobalSection
	GlobalSection(SolutionProperties) = preSolution
		HideSolutionNode = FALSE
	EndGlobalSection
	GlobalSection(ExtensibilityGlobals) = postSolution
		SolutionGuid = {34A19F4F-2D87-416D-874E-9A80FAEB302A}
	EndGlobalSection
EndGlobal
